
Microsoft Visual Studio Solution File, Format Version 12.00
# Visual Studio Version 16
VisualStudioVersion = 16.0.30002.166
MinimumVisualStudioVersion = 10.0.40219.1
Project("{FAE04EC0-301F-11D3-BF4B-00C04F79EFBC}") = "MyOrganizationMemberApplication", "MyOrganizationMemberApplication\MyOrganizationMemberApplication.csproj", "{57B109C6-9688-48DC-AB88-ED7B513637D6}"
EndProject
Project("{FAE04EC0-301F-11D3-BF4B-00C04F79EFBC}") = "MyOrganizationMemberLibrary", "MyOrganizationMemberLibrary\MyOrganizationMemberLibrary.csproj", "{C6671353-9888-47C3-A363-D1A0CA6259C3}"
EndProject
Global
	GlobalSection(SolutionConfigurationPlatforms) = preSolution
		Debug|Any CPU = Debug|Any CPU
		Release|Any CPU = Release|Any CPU
	EndGlobalSection
	GlobalSection(ProjectConfigurationPlatforms) = postSolution
		{57B109C6-9688-48DC-AB88-ED7B513637D6}.Debug|Any CPU.ActiveCfg = Debug|Any CPU
		{57B109C6-9688-48DC-AB88-ED7B513637D6}.Debug|Any CPU.Build.0 = Debug|Any CPU
		{57B109C6-9688-48DC-AB88-ED7B513637D6}.Release|Any CPU.ActiveCfg = Release|Any CPU
		{57B109C6-9688-48DC-AB88-ED7B513637D6}.Release|Any CPU.Build.0 = Release|Any CPU
		{C6671353-9888-47C3-A363-D1A0CA6259C3}.Debug|Any CPU.ActiveCfg = Debug|Any CPU
		{C6671353-9888-47C3-A363-D1A0CA6259C3}.Debug|Any CPU.Build.0 = Debug|Any CPU
		{C6671353-9888-47C3-A363-D1A0CA6259C3}.Release|Any CPU.ActiveCfg = Release|Any CPU
		{C6671353-9888-47C3-A363-D1A0CA6259C3}.Release|Any CPU.Build.0 = Release|Any CPU
	EndGlobalSection
	GlobalSection(SolutionProperties) = preSolution
		HideSolutionNode = FALSE
	EndGlobalSection
	GlobalSection(ExtensibilityGlobals) = postSolution
		SolutionGuid = {3FA886AF-44F6-4395-97C1-D37522C92A18}
	EndGlobalSection
EndGlobal
